// !$*UTF8*$!
{
	archiveVersion = 1;
	classes = {
	};
	objectVersion = 51;
	objects = {

/* Begin PBXBuildFile section */
		4C33121DE581B728EF4F5BA7 /* Pods_Alien.framework in Frameworks */ = {isa = PBXBuildFile; fileRef = C19A3287AC7FDCB8AB8B1B34 /* Pods_Alien.framework */; };
		FC3618DF2314CC010031F1AD /* CreateGroupViewController.swift in Sources */ = {isa = PBXBuildFile; fileRef = FC3618DE2314CC010031F1AD /* CreateGroupViewController.swift */; };
		FC52C21323138D14001E72C6 /* GoogleService-Info.plist in Resources */ = {isa = PBXBuildFile; fileRef = FC52C21223138D14001E72C6 /* GoogleService-Info.plist */; };
		FC5B7B9B232602CA00CFE54E /* OtherUserViewController.swift in Sources */ = {isa = PBXBuildFile; fileRef = FC5B7B9A232602CA00CFE54E /* OtherUserViewController.swift */; };
		FC5B7B9D2327581D00CFE54E /* MyGroupViewController.swift in Sources */ = {isa = PBXBuildFile; fileRef = FC5B7B9C2327581D00CFE54E /* MyGroupViewController.swift */; };
		FC5B7BA023279EE100CFE54E /* MyGroupTableViewCell.swift in Sources */ = {isa = PBXBuildFile; fileRef = FC5B7B9E23279EE100CFE54E /* MyGroupTableViewCell.swift */; };
		FC5B7BA123279EE100CFE54E /* MyGroupTableViewCell.xib in Resources */ = {isa = PBXBuildFile; fileRef = FC5B7B9F23279EE100CFE54E /* MyGroupTableViewCell.xib */; };
		FC5CA8CB231FCC0F007E7763 /* PersonalPageViewController.swift in Sources */ = {isa = PBXBuildFile; fileRef = FC5CA8CA231FCC0F007E7763 /* PersonalPageViewController.swift */; };
		FC5CA8CD2320E4D6007E7763 /* GroupListTabBarController.swift in Sources */ = {isa = PBXBuildFile; fileRef = FC5CA8CC2320E4D6007E7763 /* GroupListTabBarController.swift */; };
		FC6EFF1A231675A200E2DAAA /* GroupCreatorTableViewCell.swift in Sources */ = {isa = PBXBuildFile; fileRef = FC6EFF19231675A200E2DAAA /* GroupCreatorTableViewCell.swift */; };
		FC7EC79B231E759400E6989F /* NotificationTableViewCell.swift in Sources */ = {isa = PBXBuildFile; fileRef = FC7EC79A231E759400E6989F /* NotificationTableViewCell.swift */; };
		FC87C4FF2313E6250099D05E /* GroupListViewController.swift in Sources */ = {isa = PBXBuildFile; fileRef = FC87C4FE2313E6250099D05E /* GroupListViewController.swift */; };
		FC87C5012313E9850099D05E /* GroupListTableViewCell.swift in Sources */ = {isa = PBXBuildFile; fileRef = FC87C5002313E9850099D05E /* GroupListTableViewCell.swift */; };
		FC9150F2231799E400F4A83D /* GroupDetailViewController.swift in Sources */ = {isa = PBXBuildFile; fileRef = FC9150F1231799E400F4A83D /* GroupDetailViewController.swift */; };
		FCBF189E231E2A3D00B0F26F /* NotificationViewController.swift in Sources */ = {isa = PBXBuildFile; fileRef = FCBF189D231E2A3D00B0F26F /* NotificationViewController.swift */; };
		FCC8F3CC232F635000128379 /* RegisterViewController.swift in Sources */ = {isa = PBXBuildFile; fileRef = FCC8F3CB232F635000128379 /* RegisterViewController.swift */; };
		FCD3BC7723547D6B00268380 /* UserMessageTableViewCell.swift in Sources */ = {isa = PBXBuildFile; fileRef = FCD3BC7523547D6B00268380 /* UserMessageTableViewCell.swift */; };
		FCD3BC7823547D6B00268380 /* UserMessageTableViewCell.xib in Resources */ = {isa = PBXBuildFile; fileRef = FCD3BC7623547D6B00268380 /* UserMessageTableViewCell.xib */; };
		FCD3BC7D23547DB300268380 /* OtherUserMessageTableViewCell.swift in Sources */ = {isa = PBXBuildFile; fileRef = FCD3BC7B23547DB300268380 /* OtherUserMessageTableViewCell.swift */; };
		FCD3BC7E23547DB300268380 /* OtherUserMessageTableViewCell.xib in Resources */ = {isa = PBXBuildFile; fileRef = FCD3BC7C23547DB300268380 /* OtherUserMessageTableViewCell.xib */; };
		FCD3BC80235480F200268380 /* ChatRoomViewController.swift in Sources */ = {isa = PBXBuildFile; fileRef = FCD3BC7F235480F200268380 /* ChatRoomViewController.swift */; };
		FCEEA14E231CBA4E00548264 /* GroupMemberViewController.swift in Sources */ = {isa = PBXBuildFile; fileRef = FCEEA14D231CBA4E00548264 /* GroupMemberViewController.swift */; };
		FCEEA150231CBE7500548264 /* GroupMemberTableViewCell.swift in Sources */ = {isa = PBXBuildFile; fileRef = FCEEA14F231CBE7500548264 /* GroupMemberTableViewCell.swift */; };
		FCF79B4C230FFAA900D3B589 /* AppDelegate.swift in Sources */ = {isa = PBXBuildFile; fileRef = FCF79B4B230FFAA900D3B589 /* AppDelegate.swift */; };
		FCF79B4E230FFAA900D3B589 /* LogInViewController.swift in Sources */ = {isa = PBXBuildFile; fileRef = FCF79B4D230FFAA900D3B589 /* LogInViewController.swift */; };
		FCF79B51230FFAA900D3B589 /* Main.storyboard in Resources */ = {isa = PBXBuildFile; fileRef = FCF79B4F230FFAA900D3B589 /* Main.storyboard */; };
		FCF79B54230FFAA900D3B589 /* Alien.xcdatamodeld in Sources */ = {isa = PBXBuildFile; fileRef = FCF79B52230FFAA900D3B589 /* Alien.xcdatamodeld */; };
		FCF79B56230FFAAA00D3B589 /* Assets.xcassets in Resources */ = {isa = PBXBuildFile; fileRef = FCF79B55230FFAAA00D3B589 /* Assets.xcassets */; };
		FCF79B59230FFAAA00D3B589 /* LaunchScreen.storyboard in Resources */ = {isa = PBXBuildFile; fileRef = FCF79B57230FFAAA00D3B589 /* LaunchScreen.storyboard */; };
/* End PBXBuildFile section */

/* Begin PBXFileReference section */
		65A37070EB509A3CC4FADBDF /* Pods-Alien.release.xcconfig */ = {isa = PBXFileReference; includeInIndex = 1; lastKnownFileType = text.xcconfig; name = "Pods-Alien.release.xcconfig"; path = "Target Support Files/Pods-Alien/Pods-Alien.release.xcconfig"; sourceTree = "<group>"; };
		C19A3287AC7FDCB8AB8B1B34 /* Pods_Alien.framework */ = {isa = PBXFileReference; explicitFileType = wrapper.framework; includeInIndex = 0; path = Pods_Alien.framework; sourceTree = BUILT_PRODUCTS_DIR; };
		FC3618DE2314CC010031F1AD /* CreateGroupViewController.swift */ = {isa = PBXFileReference; lastKnownFileType = sourcecode.swift; path = CreateGroupViewController.swift; sourceTree = "<group>"; };
		FC52C21223138D14001E72C6 /* GoogleService-Info.plist */ = {isa = PBXFileReference; fileEncoding = 4; lastKnownFileType = text.plist.xml; path = "GoogleService-Info.plist"; sourceTree = "<group>"; };
		FC5B7B9A232602CA00CFE54E /* OtherUserViewController.swift */ = {isa = PBXFileReference; lastKnownFileType = sourcecode.swift; path = OtherUserViewController.swift; sourceTree = "<group>"; };
		FC5B7B9C2327581D00CFE54E /* MyGroupViewController.swift */ = {isa = PBXFileReference; lastKnownFileType = sourcecode.swift; path = MyGroupViewController.swift; sourceTree = "<group>"; };
		FC5B7B9E23279EE100CFE54E /* MyGroupTableViewCell.swift */ = {isa = PBXFileReference; lastKnownFileType = sourcecode.swift; path = MyGroupTableViewCell.swift; sourceTree = "<group>"; };
		FC5B7B9F23279EE100CFE54E /* MyGroupTableViewCell.xib */ = {isa = PBXFileReference; lastKnownFileType = file.xib; path = MyGroupTableViewCell.xib; sourceTree = "<group>"; };
		FC5CA8CA231FCC0F007E7763 /* PersonalPageViewController.swift */ = {isa = PBXFileReference; lastKnownFileType = sourcecode.swift; path = PersonalPageViewController.swift; sourceTree = "<group>"; };
		FC5CA8CC2320E4D6007E7763 /* GroupListTabBarController.swift */ = {isa = PBXFileReference; lastKnownFileType = sourcecode.swift; path = GroupListTabBarController.swift; sourceTree = "<group>"; };
		FC6EFF19231675A200E2DAAA /* GroupCreatorTableViewCell.swift */ = {isa = PBXFileReference; lastKnownFileType = sourcecode.swift; path = GroupCreatorTableViewCell.swift; sourceTree = "<group>"; };
		FC7EC79A231E759400E6989F /* NotificationTableViewCell.swift */ = {isa = PBXFileReference; lastKnownFileType = sourcecode.swift; path = NotificationTableViewCell.swift; sourceTree = "<group>"; };
		FC87C4FD231397460099D05E /* Alien.entitlements */ = {isa = PBXFileReference; lastKnownFileType = text.plist.entitlements; path = Alien.entitlements; sourceTree = "<group>"; };
		FC87C4FE2313E6250099D05E /* GroupListViewController.swift */ = {isa = PBXFileReference; lastKnownFileType = sourcecode.swift; path = GroupListViewController.swift; sourceTree = "<group>"; };
		FC87C5002313E9850099D05E /* GroupListTableViewCell.swift */ = {isa = PBXFileReference; lastKnownFileType = sourcecode.swift; path = GroupListTableViewCell.swift; sourceTree = "<group>"; };
		FC8C5359233BB572000F0966 /* zh-Hant */ = {isa = PBXFileReference; lastKnownFileType = text.plist.strings; name = "zh-Hant"; path = "zh-Hant.lproj/Main.strings"; sourceTree = "<group>"; };
		FC8C535A233BB572000F0966 /* zh-Hant */ = {isa = PBXFileReference; lastKnownFileType = text.plist.strings; name = "zh-Hant"; path = "zh-Hant.lproj/LaunchScreen.strings"; sourceTree = "<group>"; };
		FC9150F1231799E400F4A83D /* GroupDetailViewController.swift */ = {isa = PBXFileReference; lastKnownFileType = sourcecode.swift; path = GroupDetailViewController.swift; sourceTree = "<group>"; };
		FCBF189D231E2A3D00B0F26F /* NotificationViewController.swift */ = {isa = PBXFileReference; lastKnownFileType = sourcecode.swift; path = NotificationViewController.swift; sourceTree = "<group>"; };
		FCC8F3CB232F635000128379 /* RegisterViewController.swift */ = {isa = PBXFileReference; lastKnownFileType = sourcecode.swift; name = RegisterViewController.swift; path = ../../RegisterViewController.swift; sourceTree = "<group>"; };
		FCD3BC7523547D6B00268380 /* UserMessageTableViewCell.swift */ = {isa = PBXFileReference; lastKnownFileType = sourcecode.swift; path = UserMessageTableViewCell.swift; sourceTree = "<group>"; };
		FCD3BC7623547D6B00268380 /* UserMessageTableViewCell.xib */ = {isa = PBXFileReference; lastKnownFileType = file.xib; path = UserMessageTableViewCell.xib; sourceTree = "<group>"; };
		FCD3BC7B23547DB300268380 /* OtherUserMessageTableViewCell.swift */ = {isa = PBXFileReference; lastKnownFileType = sourcecode.swift; path = OtherUserMessageTableViewCell.swift; sourceTree = "<group>"; };
		FCD3BC7C23547DB300268380 /* OtherUserMessageTableViewCell.xib */ = {isa = PBXFileReference; lastKnownFileType = file.xib; path = OtherUserMessageTableViewCell.xib; sourceTree = "<group>"; };
		FCD3BC7F235480F200268380 /* ChatRoomViewController.swift */ = {isa = PBXFileReference; lastKnownFileType = sourcecode.swift; path = ChatRoomViewController.swift; sourceTree = "<group>"; };
		FCEEA14D231CBA4E00548264 /* GroupMemberViewController.swift */ = {isa = PBXFileReference; lastKnownFileType = sourcecode.swift; path = GroupMemberViewController.swift; sourceTree = "<group>"; };
		FCEEA14F231CBE7500548264 /* GroupMemberTableViewCell.swift */ = {isa = PBXFileReference; lastKnownFileType = sourcecode.swift; path = GroupMemberTableViewCell.swift; sourceTree = "<group>"; };
		FCF79B48230FFAA900D3B589 /* Alien.app */ = {isa = PBXFileReference; explicitFileType = wrapper.application; includeInIndex = 0; path = Alien.app; sourceTree = BUILT_PRODUCTS_DIR; };
		FCF79B4B230FFAA900D3B589 /* AppDelegate.swift */ = {isa = PBXFileReference; lastKnownFileType = sourcecode.swift; path = AppDelegate.swift; sourceTree = "<group>"; };
		FCF79B4D230FFAA900D3B589 /* LogInViewController.swift */ = {isa = PBXFileReference; lastKnownFileType = sourcecode.swift; path = LogInViewController.swift; sourceTree = "<group>"; };
		FCF79B50230FFAA900D3B589 /* Base */ = {isa = PBXFileReference; lastKnownFileType = file.storyboard; name = Base; path = Base.lproj/Main.storyboard; sourceTree = "<group>"; };
		FCF79B53230FFAA900D3B589 /* Alien.xcdatamodel */ = {isa = PBXFileReference; lastKnownFileType = wrapper.xcdatamodel; path = Alien.xcdatamodel; sourceTree = "<group>"; };
		FCF79B55230FFAAA00D3B589 /* Assets.xcassets */ = {isa = PBXFileReference; lastKnownFileType = folder.assetcatalog; path = Assets.xcassets; sourceTree = "<group>"; };
		FCF79B58230FFAAA00D3B589 /* Base */ = {isa = PBXFileReference; lastKnownFileType = file.storyboard; name = Base; path = Base.lproj/LaunchScreen.storyboard; sourceTree = "<group>"; };
		FCF79B5A230FFAAA00D3B589 /* Info.plist */ = {isa = PBXFileReference; lastKnownFileType = text.plist.xml; path = Info.plist; sourceTree = "<group>"; };
		FE8DC24EA55176C0DE58A0E1 /* Pods-Alien.debug.xcconfig */ = {isa = PBXFileReference; includeInIndex = 1; lastKnownFileType = text.xcconfig; name = "Pods-Alien.debug.xcconfig"; path = "Target Support Files/Pods-Alien/Pods-Alien.debug.xcconfig"; sourceTree = "<group>"; };
/* End PBXFileReference section */

/* Begin PBXFrameworksBuildPhase section */
		FCF79B45230FFAA900D3B589 /* Frameworks */ = {
			isa = PBXFrameworksBuildPhase;
			buildActionMask = 2147483647;
			files = (
				4C33121DE581B728EF4F5BA7 /* Pods_Alien.framework in Frameworks */,
			);
			runOnlyForDeploymentPostprocessing = 0;
		};
/* End PBXFrameworksBuildPhase section */

/* Begin PBXGroup section */
		002C9E8A638BA917D8D2144E /* Pods */ = {
			isa = PBXGroup;
			children = (
				FE8DC24EA55176C0DE58A0E1 /* Pods-Alien.debug.xcconfig */,
				65A37070EB509A3CC4FADBDF /* Pods-Alien.release.xcconfig */,
			);
			path = Pods;
			sourceTree = "<group>";
		};
		A6721F9342A2DF63C020C5A3 /* Frameworks */ = {
			isa = PBXGroup;
			children = (
				C19A3287AC7FDCB8AB8B1B34 /* Pods_Alien.framework */,
			);
			name = Frameworks;
			sourceTree = "<group>";
		};
		FC5CA8CF23226B4C007E7763 /* ViewControllers */ = {
			isa = PBXGroup;
			children = (
				FCF79B4D230FFAA900D3B589 /* LogInViewController.swift */,
				FCC8F3CB232F635000128379 /* RegisterViewController.swift */,
				FC87C4FE2313E6250099D05E /* GroupListViewController.swift */,
				FC3618DE2314CC010031F1AD /* CreateGroupViewController.swift */,
				FC9150F1231799E400F4A83D /* GroupDetailViewController.swift */,
				FC5CA8CA231FCC0F007E7763 /* PersonalPageViewController.swift */,
				FCEEA14D231CBA4E00548264 /* GroupMemberViewController.swift */,
				FCBF189D231E2A3D00B0F26F /* NotificationViewController.swift */,
				FC5CA8CC2320E4D6007E7763 /* GroupListTabBarController.swift */,
				FC5B7B9A232602CA00CFE54E /* OtherUserViewController.swift */,
				FC5B7B9C2327581D00CFE54E /* MyGroupViewController.swift */,
				FCD3BC7F235480F200268380 /* ChatRoomViewController.swift */,
			);
			path = ViewControllers;
			sourceTree = "<group>";
		};
		FC7675F123226C6C007406A0 /* TableViewCells */ = {
			isa = PBXGroup;
			children = (
				FC87C5002313E9850099D05E /* GroupListTableViewCell.swift */,
				FC6EFF19231675A200E2DAAA /* GroupCreatorTableViewCell.swift */,
				FCEEA14F231CBE7500548264 /* GroupMemberTableViewCell.swift */,
				FC7EC79A231E759400E6989F /* NotificationTableViewCell.swift */,
				FCD3BC7523547D6B00268380 /* UserMessageTableViewCell.swift */,
				FCD3BC7623547D6B00268380 /* UserMessageTableViewCell.xib */,
				FCD3BC7B23547DB300268380 /* OtherUserMessageTableViewCell.swift */,
				FCD3BC7C23547DB300268380 /* OtherUserMessageTableViewCell.xib */,
			);
			path = TableViewCells;
			sourceTree = "<group>";
		};
		FCF79B3F230FFAA900D3B589 = {
			isa = PBXGroup;
			children = (
				FCF79B4A230FFAA900D3B589 /* Alien */,
				FCF79B49230FFAA900D3B589 /* Products */,
				002C9E8A638BA917D8D2144E /* Pods */,
				A6721F9342A2DF63C020C5A3 /* Frameworks */,
			);
			sourceTree = "<group>";
		};
		FCF79B49230FFAA900D3B589 /* Products */ = {
			isa = PBXGroup;
			children = (
				FCF79B48230FFAA900D3B589 /* Alien.app */,
			);
			name = Products;
			sourceTree = "<group>";
		};
		FCF79B4A230FFAA900D3B589 /* Alien */ = {
			isa = PBXGroup;
			children = (
				FC87C4FD231397460099D05E /* Alien.entitlements */,
				FCF79B4B230FFAA900D3B589 /* AppDelegate.swift */,
				FCF79B4F230FFAA900D3B589 /* Main.storyboard */,
				FCF79B55230FFAAA00D3B589 /* Assets.xcassets */,
				FCF79B57230FFAAA00D3B589 /* LaunchScreen.storyboard */,
				FCF79B5A230FFAAA00D3B589 /* Info.plist */,
				FCF79B52230FFAA900D3B589 /* Alien.xcdatamodeld */,
				FC52C21223138D14001E72C6 /* GoogleService-Info.plist */,
				FC5CA8CF23226B4C007E7763 /* ViewControllers */,
				FC7675F123226C6C007406A0 /* TableViewCells */,
				FC5B7B9E23279EE100CFE54E /* MyGroupTableViewCell.swift */,
				FC5B7B9F23279EE100CFE54E /* MyGroupTableViewCell.xib */,
			);
			path = Alien;
			sourceTree = "<group>";
		};
/* End PBXGroup section */

/* Begin PBXNativeTarget section */
		FCF79B47230FFAA900D3B589 /* Alien */ = {
			isa = PBXNativeTarget;
			buildConfigurationList = FCF79B5D230FFAAA00D3B589 /* Build configuration list for PBXNativeTarget "Alien" */;
			buildPhases = (
				C9188B208B96DCC59F49099E /* [CP] Check Pods Manifest.lock */,
				FCF79B44230FFAA900D3B589 /* Sources */,
				FCF79B45230FFAA900D3B589 /* Frameworks */,
				FCF79B46230FFAA900D3B589 /* Resources */,
				4E8054C28A423FBA0938C841 /* [CP] Embed Pods Frameworks */,
				FCE284AB2328AC1B001B7E0F /* ShellScript */,
			);
			buildRules = (
			);
			dependencies = (
			);
			name = Alien;
			productName = Alien;
			productReference = FCF79B48230FFAA900D3B589 /* Alien.app */;
			productType = "com.apple.product-type.application";
		};
/* End PBXNativeTarget section */

/* Begin PBXProject section */
		FCF79B40230FFAA900D3B589 /* Project object */ = {
			isa = PBXProject;
			attributes = {
				LastSwiftUpdateCheck = 1020;
				LastUpgradeCheck = 1020;
				ORGANIZATIONNAME = "Ken Yeh";
				TargetAttributes = {
					FCF79B47230FFAA900D3B589 = {
						CreatedOnToolsVersion = 10.2.1;
						SystemCapabilities = {
							com.apple.Keychain = {
								enabled = 1;
							};
						};
					};
				};
			};
			buildConfigurationList = FCF79B43230FFAA900D3B589 /* Build configuration list for PBXProject "Alien" */;
			compatibilityVersion = "Xcode 9.3";
			developmentRegion = en;
			hasScannedForEncodings = 0;
			knownRegions = (
				en,
				Base,
				"zh-Hant",
			);
			mainGroup = FCF79B3F230FFAA900D3B589;
			productRefGroup = FCF79B49230FFAA900D3B589 /* Products */;
			projectDirPath = "";
			projectRoot = "";
			targets = (
				FCF79B47230FFAA900D3B589 /* Alien */,
			);
		};
/* End PBXProject section */

/* Begin PBXResourcesBuildPhase section */
		FCF79B46230FFAA900D3B589 /* Resources */ = {
			isa = PBXResourcesBuildPhase;
			buildActionMask = 2147483647;
			files = (
				FCD3BC7823547D6B00268380 /* UserMessageTableViewCell.xib in Resources */,
				FCF79B59230FFAAA00D3B589 /* LaunchScreen.storyboard in Resources */,
				FCF79B56230FFAAA00D3B589 /* Assets.xcassets in Resources */,
				FCD3BC7E23547DB300268380 /* OtherUserMessageTableViewCell.xib in Resources */,
				FC52C21323138D14001E72C6 /* GoogleService-Info.plist in Resources */,
				FCF79B51230FFAA900D3B589 /* Main.storyboard in Resources */,
				FC5B7BA123279EE100CFE54E /* MyGroupTableViewCell.xib in Resources */,
			);
			runOnlyForDeploymentPostprocessing = 0;
		};
/* End PBXResourcesBuildPhase section */

/* Begin PBXShellScriptBuildPhase section */
		4E8054C28A423FBA0938C841 /* [CP] Embed Pods Frameworks */ = {
			isa = PBXShellScriptBuildPhase;
			buildActionMask = 2147483647;
			files = (
			);
			inputFileListPaths = (
				"${PODS_ROOT}/Target Support Files/Pods-Alien/Pods-Alien-frameworks-${CONFIGURATION}-input-files.xcfilelist",
			);
			name = "[CP] Embed Pods Frameworks";
			outputFileListPaths = (
				"${PODS_ROOT}/Target Support Files/Pods-Alien/Pods-Alien-frameworks-${CONFIGURATION}-output-files.xcfilelist",
			);
			runOnlyForDeploymentPostprocessing = 0;
			shellPath = /bin/sh;
			shellScript = "\"${PODS_ROOT}/Target Support Files/Pods-Alien/Pods-Alien-frameworks.sh\"\n";
			showEnvVarsInLog = 0;
		};
		C9188B208B96DCC59F49099E /* [CP] Check Pods Manifest.lock */ = {
			isa = PBXShellScriptBuildPhase;
			buildActionMask = 2147483647;
			files = (
			);
			inputFileListPaths = (
			);
			inputPaths = (
				"${PODS_PODFILE_DIR_PATH}/Podfile.lock",
				"${PODS_ROOT}/Manifest.lock",
			);
			name = "[CP] Check Pods Manifest.lock";
			outputFileListPaths = (
			);
			outputPaths = (
				"$(DERIVED_FILE_DIR)/Pods-Alien-checkManifestLockResult.txt",
			);
			runOnlyForDeploymentPostprocessing = 0;
			shellPath = /bin/sh;
			shellScript = "diff \"${PODS_PODFILE_DIR_PATH}/Podfile.lock\" \"${PODS_ROOT}/Manifest.lock\" > /dev/null\nif [ $? != 0 ] ; then\n    # print error to STDERR\n    echo \"error: The sandbox is not in sync with the Podfile.lock. Run 'pod install' or update your CocoaPods installation.\" >&2\n    exit 1\nfi\n# This output is used by Xcode 'outputs' to avoid re-running this script phase.\necho \"SUCCESS\" > \"${SCRIPT_OUTPUT_FILE_0}\"\n";
			showEnvVarsInLog = 0;
		};
		FCE284AB2328AC1B001B7E0F /* ShellScript */ = {
			isa = PBXShellScriptBuildPhase;
			buildActionMask = 2147483647;
			files = (
			);
			inputFileListPaths = (
			);
			inputPaths = (
				"$(SRCROOT)/$(BUILT_PRODUCTS_DIR)/$(INFOPLIST_PATH)",
			);
			outputFileListPaths = (
			);
			outputPaths = (
			);
			runOnlyForDeploymentPostprocessing = 0;
			shellPath = /bin/sh;
			shellScript = "\"${PODS_ROOT}/Fabric/run\"\n";
		};
/* End PBXShellScriptBuildPhase section */

/* Begin PBXSourcesBuildPhase section */
		FCF79B44230FFAA900D3B589 /* Sources */ = {
			isa = PBXSourcesBuildPhase;
			buildActionMask = 2147483647;
			files = (
				FC7EC79B231E759400E6989F /* NotificationTableViewCell.swift in Sources */,
				FC5B7B9B232602CA00CFE54E /* OtherUserViewController.swift in Sources */,
				FCD3BC7723547D6B00268380 /* UserMessageTableViewCell.swift in Sources */,
				FC87C5012313E9850099D05E /* GroupListTableViewCell.swift in Sources */,
				FCBF189E231E2A3D00B0F26F /* NotificationViewController.swift in Sources */,
				FC9150F2231799E400F4A83D /* GroupDetailViewController.swift in Sources */,
				FC87C4FF2313E6250099D05E /* GroupListViewController.swift in Sources */,
				FCD3BC7D23547DB300268380 /* OtherUserMessageTableViewCell.swift in Sources */,
				FC3618DF2314CC010031F1AD /* CreateGroupViewController.swift in Sources */,
				FCF79B4E230FFAA900D3B589 /* LogInViewController.swift in Sources */,
				FC5B7B9D2327581D00CFE54E /* MyGroupViewController.swift in Sources */,
				FCC8F3CC232F635000128379 /* RegisterViewController.swift in Sources */,
				FCEEA150231CBE7500548264 /* GroupMemberTableViewCell.swift in Sources */,
				FCF79B4C230FFAA900D3B589 /* AppDelegate.swift in Sources */,
				FCD3BC80235480F200268380 /* ChatRoomViewController.swift in Sources */,
				FC5CA8CD2320E4D6007E7763 /* GroupListTabBarController.swift in Sources */,
				FC6EFF1A231675A200E2DAAA /* GroupCreatorTableViewCell.swift in Sources */,
				FC5B7BA023279EE100CFE54E /* MyGroupTableViewCell.swift in Sources */,
				FCF79B54230FFAA900D3B589 /* Alien.xcdatamodeld in Sources */,
				FCEEA14E231CBA4E00548264 /* GroupMemberViewController.swift in Sources */,
				FC5CA8CB231FCC0F007E7763 /* PersonalPageViewController.swift in Sources */,
			);
			runOnlyForDeploymentPostprocessing = 0;
		};
/* End PBXSourcesBuildPhase section */

/* Begin PBXVariantGroup section */
		FCF79B4F230FFAA900D3B589 /* Main.storyboard */ = {
			isa = PBXVariantGroup;
			children = (
				FCF79B50230FFAA900D3B589 /* Base */,
				FC8C5359233BB572000F0966 /* zh-Hant */,
			);
			name = Main.storyboard;
			sourceTree = "<group>";
		};
		FCF79B57230FFAAA00D3B589 /* LaunchScreen.storyboard */ = {
			isa = PBXVariantGroup;
			children = (
				FCF79B58230FFAAA00D3B589 /* Base */,
				FC8C535A233BB572000F0966 /* zh-Hant */,
			);
			name = LaunchScreen.storyboard;
			sourceTree = "<group>";
		};
/* End PBXVariantGroup section */

/* Begin XCBuildConfiguration section */
		FCF79B5B230FFAAA00D3B589 /* Debug */ = {
			isa = XCBuildConfiguration;
			buildSettings = {
				ALWAYS_SEARCH_USER_PATHS = NO;
				CLANG_ANALYZER_LOCALIZABILITY_NONLOCALIZED = YES;
				CLANG_ANALYZER_NONNULL = YES;
				CLANG_ANALYZER_NUMBER_OBJECT_CONVERSION = YES_AGGRESSIVE;
				CLANG_CXX_LANGUAGE_STANDARD = "gnu++14";
				CLANG_CXX_LIBRARY = "libc++";
				CLANG_ENABLE_MODULES = YES;
				CLANG_ENABLE_OBJC_ARC = YES;
				CLANG_ENABLE_OBJC_WEAK = YES;
				CLANG_WARN_BLOCK_CAPTURE_AUTORELEASING = YES;
				CLANG_WARN_BOOL_CONVERSION = YES;
				CLANG_WARN_COMMA = YES;
				CLANG_WARN_CONSTANT_CONVERSION = YES;
				CLANG_WARN_DEPRECATED_OBJC_IMPLEMENTATIONS = YES;
				CLANG_WARN_DIRECT_OBJC_ISA_USAGE = YES_ERROR;
				CLANG_WARN_DOCUMENTATION_COMMENTS = YES;
				CLANG_WARN_EMPTY_BODY = YES;
				CLANG_WARN_ENUM_CONVERSION = YES;
				CLANG_WARN_INFINITE_RECURSION = YES;
				CLANG_WARN_INT_CONVERSION = YES;
				CLANG_WARN_NON_LITERAL_NULL_CONVERSION = YES;
				CLANG_WARN_OBJC_IMPLICIT_RETAIN_SELF = YES;
				CLANG_WARN_OBJC_LITERAL_CONVERSION = YES;
				CLANG_WARN_OBJC_ROOT_CLASS = YES_ERROR;
				CLANG_WARN_RANGE_LOOP_ANALYSIS = YES;
				CLANG_WARN_STRICT_PROTOTYPES = YES;
				CLANG_WARN_SUSPICIOUS_MOVE = YES;
				CLANG_WARN_UNGUARDED_AVAILABILITY = YES_AGGRESSIVE;
				CLANG_WARN_UNREACHABLE_CODE = YES;
				CLANG_WARN__DUPLICATE_METHOD_MATCH = YES;
				CODE_SIGN_IDENTITY = "iPhone Developer";
				COPY_PHASE_STRIP = NO;
				DEBUG_INFORMATION_FORMAT = dwarf;
				ENABLE_STRICT_OBJC_MSGSEND = YES;
				ENABLE_TESTABILITY = YES;
				GCC_C_LANGUAGE_STANDARD = gnu11;
				GCC_DYNAMIC_NO_PIC = NO;
				GCC_NO_COMMON_BLOCKS = YES;
				GCC_OPTIMIZATION_LEVEL = 0;
				GCC_PREPROCESSOR_DEFINITIONS = (
					"DEBUG=1",
					"$(inherited)",
				);
				GCC_WARN_64_TO_32_BIT_CONVERSION = YES;
				GCC_WARN_ABOUT_RETURN_TYPE = YES_ERROR;
				GCC_WARN_UNDECLARED_SELECTOR = YES;
				GCC_WARN_UNINITIALIZED_AUTOS = YES_AGGRESSIVE;
				GCC_WARN_UNUSED_FUNCTION = YES;
				GCC_WARN_UNUSED_VARIABLE = YES;
				IPHONEOS_DEPLOYMENT_TARGET = 12.2;
				MTL_ENABLE_DEBUG_INFO = INCLUDE_SOURCE;
				MTL_FAST_MATH = YES;
				ONLY_ACTIVE_ARCH = YES;
				SDKROOT = iphoneos;
				SWIFT_ACTIVE_COMPILATION_CONDITIONS = DEBUG;
				SWIFT_OPTIMIZATION_LEVEL = "-Onone";
			};
			name = Debug;
		};
		FCF79B5C230FFAAA00D3B589 /* Release */ = {
			isa = XCBuildConfiguration;
			buildSettings = {
				ALWAYS_SEARCH_USER_PATHS = NO;
				CLANG_ANALYZER_LOCALIZABILITY_NONLOCALIZED = YES;
				CLANG_ANALYZER_NONNULL = YES;
				CLANG_ANALYZER_NUMBER_OBJECT_CONVERSION = YES_AGGRESSIVE;
				CLANG_CXX_LANGUAGE_STANDARD = "gnu++14";
				CLANG_CXX_LIBRARY = "libc++";
				CLANG_ENABLE_MODULES = YES;
				CLANG_ENABLE_OBJC_ARC = YES;
				CLANG_ENABLE_OBJC_WEAK = YES;
				CLANG_WARN_BLOCK_CAPTURE_AUTORELEASING = YES;
				CLANG_WARN_BOOL_CONVERSION = YES;
				CLANG_WARN_COMMA = YES;
				CLANG_WARN_CONSTANT_CONVERSION = YES;
				CLANG_WARN_DEPRECATED_OBJC_IMPLEMENTATIONS = YES;
				CLANG_WARN_DIRECT_OBJC_ISA_USAGE = YES_ERROR;
				CLANG_WARN_DOCUMENTATION_COMMENTS = YES;
				CLANG_WARN_EMPTY_BODY = YES;
				CLANG_WARN_ENUM_CONVERSION = YES;
				CLANG_WARN_INFINITE_RECURSION = YES;
				CLANG_WARN_INT_CONVERSION = YES;
				CLANG_WARN_NON_LITERAL_NULL_CONVERSION = YES;
				CLANG_WARN_OBJC_IMPLICIT_RETAIN_SELF = YES;
				CLANG_WARN_OBJC_LITERAL_CONVERSION = YES;
				CLANG_WARN_OBJC_ROOT_CLASS = YES_ERROR;
				CLANG_WARN_RANGE_LOOP_ANALYSIS = YES;
				CLANG_WARN_STRICT_PROTOTYPES = YES;
				CLANG_WARN_SUSPICIOUS_MOVE = YES;
				CLANG_WARN_UNGUARDED_AVAILABILITY = YES_AGGRESSIVE;
				CLANG_WARN_UNREACHABLE_CODE = YES;
				CLANG_WARN__DUPLICATE_METHOD_MATCH = YES;
				CODE_SIGN_IDENTITY = "iPhone Developer";
				COPY_PHASE_STRIP = NO;
				DEBUG_INFORMATION_FORMAT = "dwarf-with-dsym";
				ENABLE_NS_ASSERTIONS = NO;
				ENABLE_STRICT_OBJC_MSGSEND = YES;
				GCC_C_LANGUAGE_STANDARD = gnu11;
				GCC_NO_COMMON_BLOCKS = YES;
				GCC_WARN_64_TO_32_BIT_CONVERSION = YES;
				GCC_WARN_ABOUT_RETURN_TYPE = YES_ERROR;
				GCC_WARN_UNDECLARED_SELECTOR = YES;
				GCC_WARN_UNINITIALIZED_AUTOS = YES_AGGRESSIVE;
				GCC_WARN_UNUSED_FUNCTION = YES;
				GCC_WARN_UNUSED_VARIABLE = YES;
				IPHONEOS_DEPLOYMENT_TARGET = 12.2;
				MTL_ENABLE_DEBUG_INFO = NO;
				MTL_FAST_MATH = YES;
				SDKROOT = iphoneos;
				SWIFT_COMPILATION_MODE = wholemodule;
				SWIFT_OPTIMIZATION_LEVEL = "-O";
				VALIDATE_PRODUCT = YES;
			};
			name = Release;
		};
		FCF79B5E230FFAAA00D3B589 /* Debug */ = {
			isa = XCBuildConfiguration;
			baseConfigurationReference = FE8DC24EA55176C0DE58A0E1 /* Pods-Alien.debug.xcconfig */;
			buildSettings = {
				ASSETCATALOG_COMPILER_APPICON_NAME = AppIcon;
				CODE_SIGN_ENTITLEMENTS = Alien/Alien.entitlements;
				CODE_SIGN_STYLE = Automatic;
				DEBUG_INFORMATION_FORMAT = "dwarf-with-dsym";
				DEVELOPMENT_TEAM = WB8BW3KWAB;
				INFOPLIST_FILE = Alien/Info.plist;
				LD_RUNPATH_SEARCH_PATHS = (
					"$(inherited)",
					"@executable_path/Frameworks",
				);
				PRODUCT_BUNDLE_IDENTIFIER = com.kenyehproject.Alien;
				PRODUCT_NAME = "$(TARGET_NAME)";
				SWIFT_VERSION = 5.0;
				TARGETED_DEVICE_FAMILY = "1,2";
			};
			name = Debug;
		};
		FCF79B5F230FFAAA00D3B589 /* Release */ = {
			isa = XCBuildConfiguration;
			baseConfigurationReference = 65A37070EB509A3CC4FADBDF /* Pods-Alien.release.xcconfig */;
			buildSettings = {
				ASSETCATALOG_COMPILER_APPICON_NAME = AppIcon;
				CODE_SIGN_ENTITLEMENTS = Alien/Alien.entitlements;
				CODE_SIGN_STYLE = Automatic;
				DEVELOPMENT_TEAM = WB8BW3KWAB;
				INFOPLIST_FILE = Alien/Info.plist;
				LD_RUNPATH_SEARCH_PATHS = (
					"$(inherited)",
					"@executable_path/Frameworks",
				);
				PRODUCT_BUNDLE_IDENTIFIER = com.kenyehproject.Alien;
				PRODUCT_NAME = "$(TARGET_NAME)";
				SWIFT_VERSION = 5.0;
				TARGETED_DEVICE_FAMILY = "1,2";
			};
			name = Release;
		};
/* End XCBuildConfiguration section */

/* Begin XCConfigurationList section */
		FCF79B43230FFAA900D3B589 /* Build configuration list for PBXProject "Alien" */ = {
			isa = XCConfigurationList;
			buildConfigurations = (
				FCF79B5B230FFAAA00D3B589 /* Debug */,
				FCF79B5C230FFAAA00D3B589 /* Release */,
			);
			defaultConfigurationIsVisible = 0;
			defaultConfigurationName = Release;
		};
		FCF79B5D230FFAAA00D3B589 /* Build configuration list for PBXNativeTarget "Alien" */ = {
			isa = XCConfigurationList;
			buildConfigurations = (
				FCF79B5E230FFAAA00D3B589 /* Debug */,
				FCF79B5F230FFAAA00D3B589 /* Release */,
			);
			defaultConfigurationIsVisible = 0;
			defaultConfigurationName = Release;
		};
/* End XCConfigurationList section */

/* Begin XCVersionGroup section */
		FCF79B52230FFAA900D3B589 /* Alien.xcdatamodeld */ = {
			isa = XCVersionGroup;
			children = (
				FCF79B53230FFAA900D3B589 /* Alien.xcdatamodel */,
			);
			currentVersion = FCF79B53230FFAA900D3B589 /* Alien.xcdatamodel */;
			path = Alien.xcdatamodeld;
			sourceTree = "<group>";
			versionGroupType = wrapper.xcdatamodel;
		};
/* End XCVersionGroup section */
	};
	rootObject = FCF79B40230FFAA900D3B589 /* Project object */;
}
